// !$*UTF8*$!
{
	archiveVersion = 1;
	classes = {
	};
	objectVersion = 51;
	objects = {

/* Begin PBXBuildFile section */
		01981BD424E9A30900E990B1 /* AppDelegate.swift in Sources */ = {isa = PBXBuildFile; fileRef = 01981BD324E9A30900E990B1 /* AppDelegate.swift */; };
		01981BD624E9A30900E990B1 /* SceneDelegate.swift in Sources */ = {isa = PBXBuildFile; fileRef = 01981BD524E9A30900E990B1 /* SceneDelegate.swift */; };
		01981BD824E9A30900E990B1 /* ViewController.swift in Sources */ = {isa = PBXBuildFile; fileRef = 01981BD724E9A30900E990B1 /* ViewController.swift */; };
		01981BDB24E9A30900E990B1 /* Main.storyboard in Resources */ = {isa = PBXBuildFile; fileRef = 01981BD924E9A30900E990B1 /* Main.storyboard */; };
		01981BDD24E9A31000E990B1 /* Assets.xcassets in Resources */ = {isa = PBXBuildFile; fileRef = 01981BDC24E9A31000E990B1 /* Assets.xcassets */; };
		01981BE024E9A31000E990B1 /* LaunchScreen.storyboard in Resources */ = {isa = PBXBuildFile; fileRef = 01981BDE24E9A31000E990B1 /* LaunchScreen.storyboard */; };
		01981BEB24E9A31000E990B1 /* Currency_CalculatorTests.swift in Sources */ = {isa = PBXBuildFile; fileRef = 01981BEA24E9A31000E990B1 /* Currency_CalculatorTests.swift */; };
		01981BF724E9A49300E990B1 /* FetchCurrenciesTask.swift in Sources */ = {isa = PBXBuildFile; fileRef = 01981BF624E9A49300E990B1 /* FetchCurrenciesTask.swift */; };
		01981BFB24E9A4F000E990B1 /* NetworkConstants.swift in Sources */ = {isa = PBXBuildFile; fileRef = 01981BFA24E9A4F000E990B1 /* NetworkConstants.swift */; };
		01981BFD24E9ABF500E990B1 /* FetchExchangeRatesTask.swift in Sources */ = {isa = PBXBuildFile; fileRef = 01981BFC24E9ABF500E990B1 /* FetchExchangeRatesTask.swift */; };
		AB34029A05CF4D9F5A10A221 /* Pods_Currency_Calculator.framework in Frameworks */ = {isa = PBXBuildFile; fileRef = 3F217085E8E3FF3AED41AE79 /* Pods_Currency_Calculator.framework */; };
		B12AD83B846648FDD81FFD0B /* Pods_Currency_CalculatorTests.framework in Frameworks */ = {isa = PBXBuildFile; fileRef = 11A84FF7BC00160A15C84841 /* Pods_Currency_CalculatorTests.framework */; };
/* End PBXBuildFile section */

/* Begin PBXContainerItemProxy section */
		01981BE724E9A31000E990B1 /* PBXContainerItemProxy */ = {
			isa = PBXContainerItemProxy;
			containerPortal = 01981BC824E9A30900E990B1 /* Project object */;
			proxyType = 1;
			remoteGlobalIDString = 01981BCF24E9A30900E990B1;
			remoteInfo = "Currency Calculator";
		};
/* End PBXContainerItemProxy section */

/* Begin PBXFileReference section */
		01981BD024E9A30900E990B1 /* Currency Calculator.app */ = {isa = PBXFileReference; explicitFileType = wrapper.application; includeInIndex = 0; path = "Currency Calculator.app"; sourceTree = BUILT_PRODUCTS_DIR; };
		01981BD324E9A30900E990B1 /* AppDelegate.swift */ = {isa = PBXFileReference; lastKnownFileType = sourcecode.swift; path = AppDelegate.swift; sourceTree = "<group>"; };
		01981BD524E9A30900E990B1 /* SceneDelegate.swift */ = {isa = PBXFileReference; lastKnownFileType = sourcecode.swift; path = SceneDelegate.swift; sourceTree = "<group>"; };
		01981BD724E9A30900E990B1 /* ViewController.swift */ = {isa = PBXFileReference; lastKnownFileType = sourcecode.swift; path = ViewController.swift; sourceTree = "<group>"; };
		01981BDA24E9A30900E990B1 /* Base */ = {isa = PBXFileReference; lastKnownFileType = file.storyboard; name = Base; path = Base.lproj/Main.storyboard; sourceTree = "<group>"; };
		01981BDC24E9A31000E990B1 /* Assets.xcassets */ = {isa = PBXFileReference; lastKnownFileType = folder.assetcatalog; path = Assets.xcassets; sourceTree = "<group>"; };
		01981BDF24E9A31000E990B1 /* Base */ = {isa = PBXFileReference; lastKnownFileType = file.storyboard; name = Base; path = Base.lproj/LaunchScreen.storyboard; sourceTree = "<group>"; };
		01981BE124E9A31000E990B1 /* Info.plist */ = {isa = PBXFileReference; lastKnownFileType = text.plist.xml; path = Info.plist; sourceTree = "<group>"; };
		01981BE624E9A31000E990B1 /* Currency CalculatorTests.xctest */ = {isa = PBXFileReference; explicitFileType = wrapper.cfbundle; includeInIndex = 0; path = "Currency CalculatorTests.xctest"; sourceTree = BUILT_PRODUCTS_DIR; };
		01981BEA24E9A31000E990B1 /* Currency_CalculatorTests.swift */ = {isa = PBXFileReference; lastKnownFileType = sourcecode.swift; path = Currency_CalculatorTests.swift; sourceTree = "<group>"; };
		01981BEC24E9A31000E990B1 /* Info.plist */ = {isa = PBXFileReference; lastKnownFileType = text.plist.xml; path = Info.plist; sourceTree = "<group>"; };
		01981BF624E9A49300E990B1 /* FetchCurrenciesTask.swift */ = {isa = PBXFileReference; lastKnownFileType = sourcecode.swift; path = FetchCurrenciesTask.swift; sourceTree = "<group>"; };
		01981BFA24E9A4F000E990B1 /* NetworkConstants.swift */ = {isa = PBXFileReference; lastKnownFileType = sourcecode.swift; path = NetworkConstants.swift; sourceTree = "<group>"; };
		01981BFC24E9ABF500E990B1 /* FetchExchangeRatesTask.swift */ = {isa = PBXFileReference; lastKnownFileType = sourcecode.swift; path = FetchExchangeRatesTask.swift; sourceTree = "<group>"; };
		11A84FF7BC00160A15C84841 /* Pods_Currency_CalculatorTests.framework */ = {isa = PBXFileReference; explicitFileType = wrapper.framework; includeInIndex = 0; path = Pods_Currency_CalculatorTests.framework; sourceTree = BUILT_PRODUCTS_DIR; };
		31C73E8E1B5BE7C6C9193C52 /* Pods-Currency Calculator.debug.xcconfig */ = {isa = PBXFileReference; includeInIndex = 1; lastKnownFileType = text.xcconfig; name = "Pods-Currency Calculator.debug.xcconfig"; path = "Target Support Files/Pods-Currency Calculator/Pods-Currency Calculator.debug.xcconfig"; sourceTree = "<group>"; };
		383853C87F034F8883E291B5 /* Pods-Currency CalculatorTests.debug.xcconfig */ = {isa = PBXFileReference; includeInIndex = 1; lastKnownFileType = text.xcconfig; name = "Pods-Currency CalculatorTests.debug.xcconfig"; path = "Target Support Files/Pods-Currency CalculatorTests/Pods-Currency CalculatorTests.debug.xcconfig"; sourceTree = "<group>"; };
		3F217085E8E3FF3AED41AE79 /* Pods_Currency_Calculator.framework */ = {isa = PBXFileReference; explicitFileType = wrapper.framework; includeInIndex = 0; path = Pods_Currency_Calculator.framework; sourceTree = BUILT_PRODUCTS_DIR; };
		9DA82C2952A2780DE2AF97EF /* Pods-Currency Calculator.release.xcconfig */ = {isa = PBXFileReference; includeInIndex = 1; lastKnownFileType = text.xcconfig; name = "Pods-Currency Calculator.release.xcconfig"; path = "Target Support Files/Pods-Currency Calculator/Pods-Currency Calculator.release.xcconfig"; sourceTree = "<group>"; };
		B173C3B1D186C280A3C68170 /* Pods-Currency CalculatorTests.release.xcconfig */ = {isa = PBXFileReference; includeInIndex = 1; lastKnownFileType = text.xcconfig; name = "Pods-Currency CalculatorTests.release.xcconfig"; path = "Target Support Files/Pods-Currency CalculatorTests/Pods-Currency CalculatorTests.release.xcconfig"; sourceTree = "<group>"; };
/* End PBXFileReference section */

/* Begin PBXFrameworksBuildPhase section */
		01981BCD24E9A30900E990B1 /* Frameworks */ = {
			isa = PBXFrameworksBuildPhase;
			buildActionMask = 2147483647;
			files = (
				AB34029A05CF4D9F5A10A221 /* Pods_Currency_Calculator.framework in Frameworks */,
			);
			runOnlyForDeploymentPostprocessing = 0;
		};
		01981BE324E9A31000E990B1 /* Frameworks */ = {
			isa = PBXFrameworksBuildPhase;
			buildActionMask = 2147483647;
			files = (
				B12AD83B846648FDD81FFD0B /* Pods_Currency_CalculatorTests.framework in Frameworks */,
			);
			runOnlyForDeploymentPostprocessing = 0;
		};
/* End PBXFrameworksBuildPhase section */

/* Begin PBXGroup section */
		01981BC724E9A30900E990B1 = {
			isa = PBXGroup;
			children = (
				01981BD224E9A30900E990B1 /* Currency Calculator */,
				01981BE924E9A31000E990B1 /* Currency CalculatorTests */,
				01981BD124E9A30900E990B1 /* Products */,
				A11B4E5058AC59D180C46D19 /* Pods */,
				05D1F34FE7BB6C138DB499B9 /* Frameworks */,
			);
			sourceTree = "<group>";
		};
		01981BD124E9A30900E990B1 /* Products */ = {
			isa = PBXGroup;
			children = (
				01981BD024E9A30900E990B1 /* Currency Calculator.app */,
				01981BE624E9A31000E990B1 /* Currency CalculatorTests.xctest */,
			);
			name = Products;
			sourceTree = "<group>";
		};
		01981BD224E9A30900E990B1 /* Currency Calculator */ = {
			isa = PBXGroup;
			children = (
				01981BF924E9A4CF00E990B1 /* Environment */,
				01981BF524E9A47600E990B1 /* Model */,
				01981BD324E9A30900E990B1 /* AppDelegate.swift */,
				01981BD524E9A30900E990B1 /* SceneDelegate.swift */,
				01981BD724E9A30900E990B1 /* ViewController.swift */,
				01981BD924E9A30900E990B1 /* Main.storyboard */,
				01981BDC24E9A31000E990B1 /* Assets.xcassets */,
				01981BDE24E9A31000E990B1 /* LaunchScreen.storyboard */,
				01981BE124E9A31000E990B1 /* Info.plist */,
			);
			path = "Currency Calculator";
			sourceTree = "<group>";
		};
		01981BE924E9A31000E990B1 /* Currency CalculatorTests */ = {
			isa = PBXGroup;
			children = (
				01981BEA24E9A31000E990B1 /* Currency_CalculatorTests.swift */,
				01981BEC24E9A31000E990B1 /* Info.plist */,
			);
			path = "Currency CalculatorTests";
			sourceTree = "<group>";
		};
		01981BF524E9A47600E990B1 /* Model */ = {
			isa = PBXGroup;
			children = (
				01981BF624E9A49300E990B1 /* FetchCurrenciesTask.swift */,
				01981BFC24E9ABF500E990B1 /* FetchExchangeRatesTask.swift */,
			);
			path = Model;
			sourceTree = "<group>";
		};
		01981BF924E9A4CF00E990B1 /* Environment */ = {
			isa = PBXGroup;
			children = (
				01981BFA24E9A4F000E990B1 /* NetworkConstants.swift */,
			);
			path = Environment;
			sourceTree = "<group>";
		};
		05D1F34FE7BB6C138DB499B9 /* Frameworks */ = {
			isa = PBXGroup;
			children = (
				3F217085E8E3FF3AED41AE79 /* Pods_Currency_Calculator.framework */,
				11A84FF7BC00160A15C84841 /* Pods_Currency_CalculatorTests.framework */,
			);
			name = Frameworks;
			sourceTree = "<group>";
		};
		A11B4E5058AC59D180C46D19 /* Pods */ = {
			isa = PBXGroup;
			children = (
				31C73E8E1B5BE7C6C9193C52 /* Pods-Currency Calculator.debug.xcconfig */,
				9DA82C2952A2780DE2AF97EF /* Pods-Currency Calculator.release.xcconfig */,
				383853C87F034F8883E291B5 /* Pods-Currency CalculatorTests.debug.xcconfig */,
				B173C3B1D186C280A3C68170 /* Pods-Currency CalculatorTests.release.xcconfig */,
			);
			path = Pods;
			sourceTree = "<group>";
		};
/* End PBXGroup section */

/* Begin PBXNativeTarget section */
		01981BCF24E9A30900E990B1 /* Currency Calculator */ = {
			isa = PBXNativeTarget;
			buildConfigurationList = 01981BEF24E9A31000E990B1 /* Build configuration list for PBXNativeTarget "Currency Calculator" */;
			buildPhases = (
				90F5DD4AB97A15D46E8680F1 /* [CP] Check Pods Manifest.lock */,
				01981BCC24E9A30900E990B1 /* Sources */,
				01981BCD24E9A30900E990B1 /* Frameworks */,
				01981BCE24E9A30900E990B1 /* Resources */,
				124A3CA80595FBF7A590F221 /* [CP] Embed Pods Frameworks */,
			);
			buildRules = (
			);
			dependencies = (
			);
			name = "Currency Calculator";
			productName = "Currency Calculator";
			productReference = 01981BD024E9A30900E990B1 /* Currency Calculator.app */;
			productType = "com.apple.product-type.application";
		};
		01981BE524E9A31000E990B1 /* Currency CalculatorTests */ = {
			isa = PBXNativeTarget;
			buildConfigurationList = 01981BF224E9A31000E990B1 /* Build configuration list for PBXNativeTarget "Currency CalculatorTests" */;
			buildPhases = (
				22819686F9A2E1E35158D36A /* [CP] Check Pods Manifest.lock */,
				01981BE224E9A31000E990B1 /* Sources */,
				01981BE324E9A31000E990B1 /* Frameworks */,
				01981BE424E9A31000E990B1 /* Resources */,
			);
			buildRules = (
			);
			dependencies = (
				01981BE824E9A31000E990B1 /* PBXTargetDependency */,
			);
			name = "Currency CalculatorTests";
			productName = "Currency CalculatorTests";
			productReference = 01981BE624E9A31000E990B1 /* Currency CalculatorTests.xctest */;
			productType = "com.apple.product-type.bundle.unit-test";
		};
/* End PBXNativeTarget section */

/* Begin PBXProject section */
		01981BC824E9A30900E990B1 /* Project object */ = {
			isa = PBXProject;
			attributes = {
				LastSwiftUpdateCheck = 1140;
				LastUpgradeCheck = 1140;
				ORGANIZATIONNAME = KrisLin;
				TargetAttributes = {
					01981BCF24E9A30900E990B1 = {
						CreatedOnToolsVersion = 11.4;
					};
					01981BE524E9A31000E990B1 = {
						CreatedOnToolsVersion = 11.4;
						TestTargetID = 01981BCF24E9A30900E990B1;
					};
				};
			};
			buildConfigurationList = 01981BCB24E9A30900E990B1 /* Build configuration list for PBXProject "Currency Calculator" */;
			compatibilityVersion = "Xcode 9.3";
			developmentRegion = en;
			hasScannedForEncodings = 0;
			knownRegions = (
				en,
				Base,
			);
			mainGroup = 01981BC724E9A30900E990B1;
			productRefGroup = 01981BD124E9A30900E990B1 /* Products */;
			projectDirPath = "";
			projectRoot = "";
			targets = (
				01981BCF24E9A30900E990B1 /* Currency Calculator */,
				01981BE524E9A31000E990B1 /* Currency CalculatorTests */,
			);
		};
/* End PBXProject section */

/* Begin PBXResourcesBuildPhase section */
		01981BCE24E9A30900E990B1 /* Resources */ = {
			isa = PBXResourcesBuildPhase;
			buildActionMask = 2147483647;
			files = (
				01981BE024E9A31000E990B1 /* LaunchScreen.storyboard in Resources */,
				01981BDD24E9A31000E990B1 /* Assets.xcassets in Resources */,
				01981BDB24E9A30900E990B1 /* Main.storyboard in Resources */,
			);
			runOnlyForDeploymentPostprocessing = 0;
		};
		01981BE424E9A31000E990B1 /* Resources */ = {
			isa = PBXResourcesBuildPhase;
			buildActionMask = 2147483647;
			files = (
			);
			runOnlyForDeploymentPostprocessing = 0;
		};
/* End PBXResourcesBuildPhase section */

/* Begin PBXShellScriptBuildPhase section */
		124A3CA80595FBF7A590F221 /* [CP] Embed Pods Frameworks */ = {
			isa = PBXShellScriptBuildPhase;
			buildActionMask = 2147483647;
			files = (
			);
			inputFileListPaths = (
				"${PODS_ROOT}/Target Support Files/Pods-Currency Calculator/Pods-Currency Calculator-frameworks-${CONFIGURATION}-input-files.xcfilelist",
			);
			name = "[CP] Embed Pods Frameworks";
			outputFileListPaths = (
				"${PODS_ROOT}/Target Support Files/Pods-Currency Calculator/Pods-Currency Calculator-frameworks-${CONFIGURATION}-output-files.xcfilelist",
			);
			runOnlyForDeploymentPostprocessing = 0;
			shellPath = /bin/sh;
			shellScript = "\"${PODS_ROOT}/Target Support Files/Pods-Currency Calculator/Pods-Currency Calculator-frameworks.sh\"\n";
			showEnvVarsInLog = 0;
		};
		22819686F9A2E1E35158D36A /* [CP] Check Pods Manifest.lock */ = {
			isa = PBXShellScriptBuildPhase;
			buildActionMask = 2147483647;
			files = (
			);
			inputFileListPaths = (
			);
			inputPaths = (
				"${PODS_PODFILE_DIR_PATH}/Podfile.lock",
				"${PODS_ROOT}/Manifest.lock",
			);
			name = "[CP] Check Pods Manifest.lock";
			outputFileListPaths = (
			);
			outputPaths = (
				"$(DERIVED_FILE_DIR)/Pods-Currency CalculatorTests-checkManifestLockResult.txt",
			);
			runOnlyForDeploymentPostprocessing = 0;
			shellPath = /bin/sh;
			shellScript = "diff \"${PODS_PODFILE_DIR_PATH}/Podfile.lock\" \"${PODS_ROOT}/Manifest.lock\" > /dev/null\nif [ $? != 0 ] ; then\n    # print error to STDERR\n    echo \"error: The sandbox is not in sync with the Podfile.lock. Run 'pod install' or update your CocoaPods installation.\" >&2\n    exit 1\nfi\n# This output is used by Xcode 'outputs' to avoid re-running this script phase.\necho \"SUCCESS\" > \"${SCRIPT_OUTPUT_FILE_0}\"\n";
			showEnvVarsInLog = 0;
		};
		90F5DD4AB97A15D46E8680F1 /* [CP] Check Pods Manifest.lock */ = {
			isa = PBXShellScriptBuildPhase;
			buildActionMask = 2147483647;
			files = (
			);
			inputFileListPaths = (
			);
			inputPaths = (
				"${PODS_PODFILE_DIR_PATH}/Podfile.lock",
				"${PODS_ROOT}/Manifest.lock",
			);
			name = "[CP] Check Pods Manifest.lock";
			outputFileListPaths = (
			);
			outputPaths = (
				"$(DERIVED_FILE_DIR)/Pods-Currency Calculator-checkManifestLockResult.txt",
			);
			runOnlyForDeploymentPostprocessing = 0;
			shellPath = /bin/sh;
			shellScript = "diff \"${PODS_PODFILE_DIR_PATH}/Podfile.lock\" \"${PODS_ROOT}/Manifest.lock\" > /dev/null\nif [ $? != 0 ] ; then\n    # print error to STDERR\n    echo \"error: The sandbox is not in sync with the Podfile.lock. Run 'pod install' or update your CocoaPods installation.\" >&2\n    exit 1\nfi\n# This output is used by Xcode 'outputs' to avoid re-running this script phase.\necho \"SUCCESS\" > \"${SCRIPT_OUTPUT_FILE_0}\"\n";
			showEnvVarsInLog = 0;
		};
/* End PBXShellScriptBuildPhase section */

/* Begin PBXSourcesBuildPhase section */
		01981BCC24E9A30900E990B1 /* Sources */ = {
			isa = PBXSourcesBuildPhase;
			buildActionMask = 2147483647;
			files = (
				01981BF724E9A49300E990B1 /* FetchCurrenciesTask.swift in Sources */,
				01981BD824E9A30900E990B1 /* ViewController.swift in Sources */,
				01981BFB24E9A4F000E990B1 /* NetworkConstants.swift in Sources */,
				01981BD424E9A30900E990B1 /* AppDelegate.swift in Sources */,
				01981BD624E9A30900E990B1 /* SceneDelegate.swift in Sources */,
				01981BFD24E9ABF500E990B1 /* FetchExchangeRatesTask.swift in Sources */,
			);
			runOnlyForDeploymentPostprocessing = 0;
		};
		01981BE224E9A31000E990B1 /* Sources */ = {
			isa = PBXSourcesBuildPhase;
			buildActionMask = 2147483647;
			files = (
				01981BEB24E9A31000E990B1 /* Currency_CalculatorTests.swift in Sources */,
			);
			runOnlyForDeploymentPostprocessing = 0;
		};
/* End PBXSourcesBuildPhase section */

/* Begin PBXTargetDependency section */
		01981BE824E9A31000E990B1 /* PBXTargetDependency */ = {
			isa = PBXTargetDependency;
			target = 01981BCF24E9A30900E990B1 /* Currency Calculator */;
			targetProxy = 01981BE724E9A31000E990B1 /* PBXContainerItemProxy */;
		};
/* End PBXTargetDependency section */

/* Begin PBXVariantGroup section */
		01981BD924E9A30900E990B1 /* Main.storyboard */ = {
			isa = PBXVariantGroup;
			children = (
				01981BDA24E9A30900E990B1 /* Base */,
			);
			name = Main.storyboard;
			sourceTree = "<group>";
		};
		01981BDE24E9A31000E990B1 /* LaunchScreen.storyboard */ = {
			isa = PBXVariantGroup;
			children = (
				01981BDF24E9A31000E990B1 /* Base */,
			);
			name = LaunchScreen.storyboard;
			sourceTree = "<group>";
		};
/* End PBXVariantGroup section */

/* Begin XCBuildConfiguration section */
		01981BED24E9A31000E990B1 /* Debug */ = {
			isa = XCBuildConfiguration;
			buildSettings = {
				ALWAYS_SEARCH_USER_PATHS = NO;
				CLANG_ANALYZER_NONNULL = YES;
				CLANG_ANALYZER_NUMBER_OBJECT_CONVERSION = YES_AGGRESSIVE;
				CLANG_CXX_LANGUAGE_STANDARD = "gnu++14";
				CLANG_CXX_LIBRARY = "libc++";
				CLANG_ENABLE_MODULES = YES;
				CLANG_ENABLE_OBJC_ARC = YES;
				CLANG_ENABLE_OBJC_WEAK = YES;
				CLANG_WARN_BLOCK_CAPTURE_AUTORELEASING = YES;
				CLANG_WARN_BOOL_CONVERSION = YES;
				CLANG_WARN_COMMA = YES;
				CLANG_WARN_CONSTANT_CONVERSION = YES;
				CLANG_WARN_DEPRECATED_OBJC_IMPLEMENTATIONS = YES;
				CLANG_WARN_DIRECT_OBJC_ISA_USAGE = YES_ERROR;
				CLANG_WARN_DOCUMENTATION_COMMENTS = YES;
				CLANG_WARN_EMPTY_BODY = YES;
				CLANG_WARN_ENUM_CONVERSION = YES;
				CLANG_WARN_INFINITE_RECURSION = YES;
				CLANG_WARN_INT_CONVERSION = YES;
				CLANG_WARN_NON_LITERAL_NULL_CONVERSION = YES;
				CLANG_WARN_OBJC_IMPLICIT_RETAIN_SELF = YES;
				CLANG_WARN_OBJC_LITERAL_CONVERSION = YES;
				CLANG_WARN_OBJC_ROOT_CLASS = YES_ERROR;
				CLANG_WARN_RANGE_LOOP_ANALYSIS = YES;
				CLANG_WARN_STRICT_PROTOTYPES = YES;
				CLANG_WARN_SUSPICIOUS_MOVE = YES;
				CLANG_WARN_UNGUARDED_AVAILABILITY = YES_AGGRESSIVE;
				CLANG_WARN_UNREACHABLE_CODE = YES;
				CLANG_WARN__DUPLICATE_METHOD_MATCH = YES;
				COPY_PHASE_STRIP = NO;
				DEBUG_INFORMATION_FORMAT = dwarf;
				ENABLE_STRICT_OBJC_MSGSEND = YES;
				ENABLE_TESTABILITY = YES;
				GCC_C_LANGUAGE_STANDARD = gnu11;
				GCC_DYNAMIC_NO_PIC = NO;
				GCC_NO_COMMON_BLOCKS = YES;
				GCC_OPTIMIZATION_LEVEL = 0;
				GCC_PREPROCESSOR_DEFINITIONS = (
					"DEBUG=1",
					"$(inherited)",
				);
				GCC_WARN_64_TO_32_BIT_CONVERSION = YES;
				GCC_WARN_ABOUT_RETURN_TYPE = YES_ERROR;
				GCC_WARN_UNDECLARED_SELECTOR = YES;
				GCC_WARN_UNINITIALIZED_AUTOS = YES_AGGRESSIVE;
				GCC_WARN_UNUSED_FUNCTION = YES;
				GCC_WARN_UNUSED_VARIABLE = YES;
				IPHONEOS_DEPLOYMENT_TARGET = 13.4;
				MTL_ENABLE_DEBUG_INFO = INCLUDE_SOURCE;
				MTL_FAST_MATH = YES;
				ONLY_ACTIVE_ARCH = YES;
				SDKROOT = iphoneos;
				SWIFT_ACTIVE_COMPILATION_CONDITIONS = DEBUG;
				SWIFT_OPTIMIZATION_LEVEL = "-Onone";
			};
			name = Debug;
		};
		01981BEE24E9A31000E990B1 /* Release */ = {
			isa = XCBuildConfiguration;
			buildSettings = {
				ALWAYS_SEARCH_USER_PATHS = NO;
				CLANG_ANALYZER_NONNULL = YES;
				CLANG_ANALYZER_NUMBER_OBJECT_CONVERSION = YES_AGGRESSIVE;
				CLANG_CXX_LANGUAGE_STANDARD = "gnu++14";
				CLANG_CXX_LIBRARY = "libc++";
				CLANG_ENABLE_MODULES = YES;
				CLANG_ENABLE_OBJC_ARC = YES;
				CLANG_ENABLE_OBJC_WEAK = YES;
				CLANG_WARN_BLOCK_CAPTURE_AUTORELEASING = YES;
				CLANG_WARN_BOOL_CONVERSION = YES;
				CLANG_WARN_COMMA = YES;
				CLANG_WARN_CONSTANT_CONVERSION = YES;
				CLANG_WARN_DEPRECATED_OBJC_IMPLEMENTATIONS = YES;
				CLANG_WARN_DIRECT_OBJC_ISA_USAGE = YES_ERROR;
				CLANG_WARN_DOCUMENTATION_COMMENTS = YES;
				CLANG_WARN_EMPTY_BODY = YES;
				CLANG_WARN_ENUM_CONVERSION = YES;
				CLANG_WARN_INFINITE_RECURSION = YES;
				CLANG_WARN_INT_CONVERSION = YES;
				CLANG_WARN_NON_LITERAL_NULL_CONVERSION = YES;
				CLANG_WARN_OBJC_IMPLICIT_RETAIN_SELF = YES;
				CLANG_WARN_OBJC_LITERAL_CONVERSION = YES;
				CLANG_WARN_OBJC_ROOT_CLASS = YES_ERROR;
				CLANG_WARN_RANGE_LOOP_ANALYSIS = YES;
				CLANG_WARN_STRICT_PROTOTYPES = YES;
				CLANG_WARN_SUSPICIOUS_MOVE = YES;
				CLANG_WARN_UNGUARDED_AVAILABILITY = YES_AGGRESSIVE;
				CLANG_WARN_UNREACHABLE_CODE = YES;
				CLANG_WARN__DUPLICATE_METHOD_MATCH = YES;
				COPY_PHASE_STRIP = NO;
				DEBUG_INFORMATION_FORMAT = "dwarf-with-dsym";
				ENABLE_NS_ASSERTIONS = NO;
				ENABLE_STRICT_OBJC_MSGSEND = YES;
				GCC_C_LANGUAGE_STANDARD = gnu11;
				GCC_NO_COMMON_BLOCKS = YES;
				GCC_WARN_64_TO_32_BIT_CONVERSION = YES;
				GCC_WARN_ABOUT_RETURN_TYPE = YES_ERROR;
				GCC_WARN_UNDECLARED_SELECTOR = YES;
				GCC_WARN_UNINITIALIZED_AUTOS = YES_AGGRESSIVE;
				GCC_WARN_UNUSED_FUNCTION = YES;
				GCC_WARN_UNUSED_VARIABLE = YES;
				IPHONEOS_DEPLOYMENT_TARGET = 13.4;
				MTL_ENABLE_DEBUG_INFO = NO;
				MTL_FAST_MATH = YES;
				SDKROOT = iphoneos;
				SWIFT_COMPILATION_MODE = wholemodule;
				SWIFT_OPTIMIZATION_LEVEL = "-O";
				VALIDATE_PRODUCT = YES;
			};
			name = Release;
		};
		01981BF024E9A31000E990B1 /* Debug */ = {
			isa = XCBuildConfiguration;
			baseConfigurationReference = 31C73E8E1B5BE7C6C9193C52 /* Pods-Currency Calculator.debug.xcconfig */;
			buildSettings = {
				ASSETCATALOG_COMPILER_APPICON_NAME = AppIcon;
				CODE_SIGN_STYLE = Automatic;
				DEVELOPMENT_TEAM = 2Z23YJK7V9;
				INFOPLIST_FILE = "Currency Calculator/Info.plist";
				LD_RUNPATH_SEARCH_PATHS = (
					"$(inherited)",
					"@executable_path/Frameworks",
				);
				PRODUCT_BUNDLE_IDENTIFIER = "com.krislin.com.Currency-Calculator";
				PRODUCT_NAME = "$(TARGET_NAME)";
				SWIFT_VERSION = 5.0;
				TARGETED_DEVICE_FAMILY = "1,2";
			};
			name = Debug;
		};
		01981BF124E9A31000E990B1 /* Release */ = {
			isa = XCBuildConfiguration;
			baseConfigurationReference = 9DA82C2952A2780DE2AF97EF /* Pods-Currency Calculator.release.xcconfig */;
			buildSettings = {
				ASSETCATALOG_COMPILER_APPICON_NAME = AppIcon;
				CODE_SIGN_STYLE = Automatic;
				DEVELOPMENT_TEAM = 2Z23YJK7V9;
				INFOPLIST_FILE = "Currency Calculator/Info.plist";
				LD_RUNPATH_SEARCH_PATHS = (
					"$(inherited)",
					"@executable_path/Frameworks",
				);
				PRODUCT_BUNDLE_IDENTIFIER = "com.krislin.com.Currency-Calculator";
				PRODUCT_NAME = "$(TARGET_NAME)";
				SWIFT_VERSION = 5.0;
				TARGETED_DEVICE_FAMILY = "1,2";
			};
			name = Release;
		};
		01981BF324E9A31000E990B1 /* Debug */ = {
			isa = XCBuildConfiguration;
			baseConfigurationReference = 383853C87F034F8883E291B5 /* Pods-Currency CalculatorTests.debug.xcconfig */;
			buildSettings = {
				ALWAYS_EMBED_SWIFT_STANDARD_LIBRARIES = YES;
				BUNDLE_LOADER = "$(TEST_HOST)";
				CODE_SIGN_STYLE = Automatic;
				DEVELOPMENT_TEAM = 2Z23YJK7V9;
				INFOPLIST_FILE = "Currency CalculatorTests/Info.plist";
				IPHONEOS_DEPLOYMENT_TARGET = 13.4;
				LD_RUNPATH_SEARCH_PATHS = (
					"$(inherited)",
					"@executable_path/Frameworks",
					"@loader_path/Frameworks",
				);
				PRODUCT_BUNDLE_IDENTIFIER = "com.krislin.com.Currency-CalculatorTests";
				PRODUCT_NAME = "$(TARGET_NAME)";
				SWIFT_VERSION = 5.0;
				TARGETED_DEVICE_FAMILY = "1,2";
				TEST_HOST = "$(BUILT_PRODUCTS_DIR)/Currency Calculator.app/Currency Calculator";
			};
			name = Debug;
		};
		01981BF424E9A31000E990B1 /* Release */ = {
			isa = XCBuildConfiguration;
			baseConfigurationReference = B173C3B1D186C280A3C68170 /* Pods-Currency CalculatorTests.release.xcconfig */;
			buildSettings = {
				ALWAYS_EMBED_SWIFT_STANDARD_LIBRARIES = YES;
				BUNDLE_LOADER = "$(TEST_HOST)";
				CODE_SIGN_STYLE = Automatic;
				DEVELOPMENT_TEAM = 2Z23YJK7V9;
				INFOPLIST_FILE = "Currency CalculatorTests/Info.plist";
				IPHONEOS_DEPLOYMENT_TARGET = 13.4;
				LD_RUNPATH_SEARCH_PATHS = (
					"$(inherited)",
					"@executable_path/Frameworks",
					"@loader_path/Frameworks",
				);
				PRODUCT_BUNDLE_IDENTIFIER = "com.krislin.com.Currency-CalculatorTests";
				PRODUCT_NAME = "$(TARGET_NAME)";
				SWIFT_VERSION = 5.0;
				TARGETED_DEVICE_FAMILY = "1,2";
				TEST_HOST = "$(BUILT_PRODUCTS_DIR)/Currency Calculator.app/Currency Calculator";
			};
			name = Release;
		};
/* End XCBuildConfiguration section */

/* Begin XCConfigurationList section */
		01981BCB24E9A30900E990B1 /* Build configuration list for PBXProject "Currency Calculator" */ = {
			isa = XCConfigurationList;
			buildConfigurations = (
				01981BED24E9A31000E990B1 /* Debug */,
				01981BEE24E9A31000E990B1 /* Release */,
			);
			defaultConfigurationIsVisible = 0;
			defaultConfigurationName = Release;
		};
		01981BEF24E9A31000E990B1 /* Build configuration list for PBXNativeTarget "Currency Calculator" */ = {
			isa = XCConfigurationList;
			buildConfigurations = (
				01981BF024E9A31000E990B1 /* Debug */,
				01981BF124E9A31000E990B1 /* Release */,
			);
			defaultConfigurationIsVisible = 0;
			defaultConfigurationName = Release;
		};
		01981BF224E9A31000E990B1 /* Build configuration list for PBXNativeTarget "Currency CalculatorTests" */ = {
			isa = XCConfigurationList;
			buildConfigurations = (
				01981BF324E9A31000E990B1 /* Debug */,
				01981BF424E9A31000E990B1 /* Release */,
			);
			defaultConfigurationIsVisible = 0;
			defaultConfigurationName = Release;
		};
/* End XCConfigurationList section */
	};
	rootObject = 01981BC824E9A30900E990B1 /* Project object */;
}
